{
  "version": 4,
  "terraform_version": "1.7.3",
  "serial": 4,
  "lineage": "6956131b-239a-2a9f-409c-97522dbdb4cb",
  "outputs": {
    "vpcid": {
      "value": "vpc-01fd811c44af205a3",
      "type": "string"
    }
  },
  "resources": [
    {
      "mode": "managed",
      "type": "aws_vpc",
      "name": "myvpc",
      "provider": "provider[\"registry.terraform.io/hashicorp/aws\"]",
      "instances": [
        {
          "schema_version": 1,
          "attributes": {
            "arn": "arn:aws:ec2:eu-west-2:674445001410:vpc/vpc-01fd811c44af205a3",
            "assign_generated_ipv6_cidr_block": false,
            "cidr_block": "10.0.0.0/16",
            "default_network_acl_id": "acl-0708a472bb3cd76c3",
            "default_route_table_id": "rtb-0188b70fa93cb1ab1",
            "default_security_group_id": "sg-0304fb37fe4f32ea2",
            "dhcp_options_id": "dopt-030b4774138b0bcea",
            "enable_dns_hostnames": false,
            "enable_dns_support": true,
            "enable_network_address_usage_metrics": false,
            "id": "vpc-01fd811c44af205a3",
            "instance_tenancy": "default",
            "ipv4_ipam_pool_id": null,
            "ipv4_netmask_length": null,
            "ipv6_association_id": "",
            "ipv6_cidr_block": "",
            "ipv6_cidr_block_network_border_group": "",
            "ipv6_ipam_pool_id": "",
            "ipv6_netmask_length": 0,
            "main_route_table_id": "rtb-0188b70fa93cb1ab1",
            "owner_id": "674445001410",
            "tags": {
              "Name": "inputvpc"
            },
            "tags_all": {
              "Name": "inputvpc"
            }
          },
          "sensitive_attributes": [],
          "private": "eyJzY2hlbWFfdmVyc2lvbiI6IjEifQ=="
        }
      ]
    }
  ],
  "check_results": null
}
